
Microsoft Visual Studio Solution File, Format Version 12.00
# Visual Studio Version 16
VisualStudioVersion = 16.0.29709.97
MinimumVisualStudioVersion = 10.0.40219.1
Project("{FAE04EC0-301F-11D3-BF4B-00C04F79EFBC}") = "КурсовойПроект", "КурсовойПроект\КурсовойПроект.csproj", "{6850495C-2EF8-41F9-8628-F13BC8010BD1}"
EndProject
Global
	GlobalSection(SolutionConfigurationPlatforms) = preSolution
		Debug|Any CPU = Debug|Any CPU
		Release|Any CPU = Release|Any CPU
	EndGlobalSection
	GlobalSection(ProjectConfigurationPlatforms) = postSolution
		{6850495C-2EF8-41F9-8628-F13BC8010BD1}.Debug|Any CPU.ActiveCfg = Debug|Any CPU
		{6850495C-2EF8-41F9-8628-F13BC8010BD1}.Debug|Any CPU.Build.0 = Debug|Any CPU
		{6850495C-2EF8-41F9-8628-F13BC8010BD1}.Release|Any CPU.ActiveCfg = Release|Any CPU
		{6850495C-2EF8-41F9-8628-F13BC8010BD1}.Release|Any CPU.Build.0 = Release|Any CPU
	EndGlobalSection
	GlobalSection(SolutionProperties) = preSolution
		HideSolutionNode = FALSE
	EndGlobalSection
	GlobalSection(ExtensibilityGlobals) = postSolution
		SolutionGuid = {29437BEC-305C-4B6A-958C-B6587678CC51}
	EndGlobalSection
EndGlobal
